// !$*UTF8*$!
{
	archiveVersion = 1;
	classes = {
	};
	objectVersion = 50;
	objects = {

/* Begin PBXBuildFile section */
		189DDB3A29C2F1ED00FA7603 /* AppDelegate.swift in Sources */ = {isa = PBXBuildFile; fileRef = 189DDB3929C2F1ED00FA7603 /* AppDelegate.swift */; };
		189DDB3C29C2F1ED00FA7603 /* SceneDelegate.swift in Sources */ = {isa = PBXBuildFile; fileRef = 189DDB3B29C2F1ED00FA7603 /* SceneDelegate.swift */; };
		189DDB3E29C2F1ED00FA7603 /* ViewController.swift in Sources */ = {isa = PBXBuildFile; fileRef = 189DDB3D29C2F1ED00FA7603 /* ViewController.swift */; };
		189DDB4129C2F1ED00FA7603 /* Main.storyboard in Resources */ = {isa = PBXBuildFile; fileRef = 189DDB3F29C2F1ED00FA7603 /* Main.storyboard */; };
		189DDB4329C2F1F000FA7603 /* Assets.xcassets in Resources */ = {isa = PBXBuildFile; fileRef = 189DDB4229C2F1F000FA7603 /* Assets.xcassets */; };
		189DDB4629C2F1F000FA7603 /* LaunchScreen.storyboard in Resources */ = {isa = PBXBuildFile; fileRef = 189DDB4429C2F1F000FA7603 /* LaunchScreen.storyboard */; };
		189DDB5129C2F1F000FA7603 /* RegistrationFormDemoTests.swift in Sources */ = {isa = PBXBuildFile; fileRef = 189DDB5029C2F1F000FA7603 /* RegistrationFormDemoTests.swift */; };
		189DDB5C29C2F1F000FA7603 /* RegistrationFormDemoUITests.swift in Sources */ = {isa = PBXBuildFile; fileRef = 189DDB5B29C2F1F000FA7603 /* RegistrationFormDemoUITests.swift */; };
/* End PBXBuildFile section */

/* Begin PBXContainerItemProxy section */
		189DDB4D29C2F1F000FA7603 /* PBXContainerItemProxy */ = {
			isa = PBXContainerItemProxy;
			containerPortal = 189DDB2E29C2F1ED00FA7603 /* Project object */;
			proxyType = 1;
			remoteGlobalIDString = 189DDB3529C2F1ED00FA7603;
			remoteInfo = RegistrationFormDemo;
		};
		189DDB5829C2F1F000FA7603 /* PBXContainerItemProxy */ = {
			isa = PBXContainerItemProxy;
			containerPortal = 189DDB2E29C2F1ED00FA7603 /* Project object */;
			proxyType = 1;
			remoteGlobalIDString = 189DDB3529C2F1ED00FA7603;
			remoteInfo = RegistrationFormDemo;
		};
/* End PBXContainerItemProxy section */

/* Begin PBXFileReference section */
		189DDB3629C2F1ED00FA7603 /* RegistrationFormDemo.app */ = {isa = PBXFileReference; explicitFileType = wrapper.application; includeInIndex = 0; path = RegistrationFormDemo.app; sourceTree = BUILT_PRODUCTS_DIR; };
		189DDB3929C2F1ED00FA7603 /* AppDelegate.swift */ = {isa = PBXFileReference; lastKnownFileType = sourcecode.swift; path = AppDelegate.swift; sourceTree = "<group>"; };
		189DDB3B29C2F1ED00FA7603 /* SceneDelegate.swift */ = {isa = PBXFileReference; lastKnownFileType = sourcecode.swift; path = SceneDelegate.swift; sourceTree = "<group>"; };
		189DDB3D29C2F1ED00FA7603 /* ViewController.swift */ = {isa = PBXFileReference; lastKnownFileType = sourcecode.swift; path = ViewController.swift; sourceTree = "<group>"; };
		189DDB4029C2F1ED00FA7603 /* Base */ = {isa = PBXFileReference; lastKnownFileType = file.storyboard; name = Base; path = Base.lproj/Main.storyboard; sourceTree = "<group>"; };
		189DDB4229C2F1F000FA7603 /* Assets.xcassets */ = {isa = PBXFileReference; lastKnownFileType = folder.assetcatalog; path = Assets.xcassets; sourceTree = "<group>"; };
		189DDB4529C2F1F000FA7603 /* Base */ = {isa = PBXFileReference; lastKnownFileType = file.storyboard; name = Base; path = Base.lproj/LaunchScreen.storyboard; sourceTree = "<group>"; };
		189DDB4729C2F1F000FA7603 /* Info.plist */ = {isa = PBXFileReference; lastKnownFileType = text.plist.xml; path = Info.plist; sourceTree = "<group>"; };
		189DDB4C29C2F1F000FA7603 /* RegistrationFormDemoTests.xctest */ = {isa = PBXFileReference; explicitFileType = wrapper.cfbundle; includeInIndex = 0; path = RegistrationFormDemoTests.xctest; sourceTree = BUILT_PRODUCTS_DIR; };
		189DDB5029C2F1F000FA7603 /* RegistrationFormDemoTests.swift */ = {isa = PBXFileReference; lastKnownFileType = sourcecode.swift; path = RegistrationFormDemoTests.swift; sourceTree = "<group>"; };
		189DDB5229C2F1F000FA7603 /* Info.plist */ = {isa = PBXFileReference; lastKnownFileType = text.plist.xml; path = Info.plist; sourceTree = "<group>"; };
		189DDB5729C2F1F000FA7603 /* RegistrationFormDemoUITests.xctest */ = {isa = PBXFileReference; explicitFileType = wrapper.cfbundle; includeInIndex = 0; path = RegistrationFormDemoUITests.xctest; sourceTree = BUILT_PRODUCTS_DIR; };
		189DDB5B29C2F1F000FA7603 /* RegistrationFormDemoUITests.swift */ = {isa = PBXFileReference; lastKnownFileType = sourcecode.swift; path = RegistrationFormDemoUITests.swift; sourceTree = "<group>"; };
		189DDB5D29C2F1F000FA7603 /* Info.plist */ = {isa = PBXFileReference; lastKnownFileType = text.plist.xml; path = Info.plist; sourceTree = "<group>"; };
/* End PBXFileReference section */

/* Begin PBXFrameworksBuildPhase section */
		189DDB3329C2F1ED00FA7603 /* Frameworks */ = {
			isa = PBXFrameworksBuildPhase;
			buildActionMask = 2147483647;
			files = (
			);
			runOnlyForDeploymentPostprocessing = 0;
		};
		189DDB4929C2F1F000FA7603 /* Frameworks */ = {
			isa = PBXFrameworksBuildPhase;
			buildActionMask = 2147483647;
			files = (
			);
			runOnlyForDeploymentPostprocessing = 0;
		};
		189DDB5429C2F1F000FA7603 /* Frameworks */ = {
			isa = PBXFrameworksBuildPhase;
			buildActionMask = 2147483647;
			files = (
			);
			runOnlyForDeploymentPostprocessing = 0;
		};
/* End PBXFrameworksBuildPhase section */

/* Begin PBXGroup section */
		189DDB2D29C2F1ED00FA7603 = {
			isa = PBXGroup;
			children = (
				189DDB3829C2F1ED00FA7603 /* RegistrationFormDemo */,
				189DDB4F29C2F1F000FA7603 /* RegistrationFormDemoTests */,
				189DDB5A29C2F1F000FA7603 /* RegistrationFormDemoUITests */,
				189DDB3729C2F1ED00FA7603 /* Products */,
			);
			sourceTree = "<group>";
		};
		189DDB3729C2F1ED00FA7603 /* Products */ = {
			isa = PBXGroup;
			children = (
				189DDB3629C2F1ED00FA7603 /* RegistrationFormDemo.app */,
				189DDB4C29C2F1F000FA7603 /* RegistrationFormDemoTests.xctest */,
				189DDB5729C2F1F000FA7603 /* RegistrationFormDemoUITests.xctest */,
			);
			name = Products;
			sourceTree = "<group>";
		};
		189DDB3829C2F1ED00FA7603 /* RegistrationFormDemo */ = {
			isa = PBXGroup;
			children = (
				189DDB3929C2F1ED00FA7603 /* AppDelegate.swift */,
				189DDB3B29C2F1ED00FA7603 /* SceneDelegate.swift */,
				189DDB3D29C2F1ED00FA7603 /* ViewController.swift */,
				189DDB3F29C2F1ED00FA7603 /* Main.storyboard */,
				189DDB4229C2F1F000FA7603 /* Assets.xcassets */,
				189DDB4429C2F1F000FA7603 /* LaunchScreen.storyboard */,
				189DDB4729C2F1F000FA7603 /* Info.plist */,
			);
			path = RegistrationFormDemo;
			sourceTree = "<group>";
		};
		189DDB4F29C2F1F000FA7603 /* RegistrationFormDemoTests */ = {
			isa = PBXGroup;
			children = (
				189DDB5029C2F1F000FA7603 /* RegistrationFormDemoTests.swift */,
				189DDB5229C2F1F000FA7603 /* Info.plist */,
			);
			path = RegistrationFormDemoTests;
			sourceTree = "<group>";
		};
		189DDB5A29C2F1F000FA7603 /* RegistrationFormDemoUITests */ = {
			isa = PBXGroup;
			children = (
				189DDB5B29C2F1F000FA7603 /* RegistrationFormDemoUITests.swift */,
				189DDB5D29C2F1F000FA7603 /* Info.plist */,
			);
			path = RegistrationFormDemoUITests;
			sourceTree = "<group>";
		};
/* End PBXGroup section */

/* Begin PBXNativeTarget section */
		189DDB3529C2F1ED00FA7603 /* RegistrationFormDemo */ = {
			isa = PBXNativeTarget;
			buildConfigurationList = 189DDB6029C2F1F000FA7603 /* Build configuration list for PBXNativeTarget "RegistrationFormDemo" */;
			buildPhases = (
				189DDB3229C2F1ED00FA7603 /* Sources */,
				189DDB3329C2F1ED00FA7603 /* Frameworks */,
				189DDB3429C2F1ED00FA7603 /* Resources */,
			);
			buildRules = (
			);
			dependencies = (
			);
			name = RegistrationFormDemo;
			productName = RegistrationFormDemo;
			productReference = 189DDB3629C2F1ED00FA7603 /* RegistrationFormDemo.app */;
			productType = "com.apple.product-type.application";
		};
		189DDB4B29C2F1F000FA7603 /* RegistrationFormDemoTests */ = {
			isa = PBXNativeTarget;
			buildConfigurationList = 189DDB6329C2F1F000FA7603 /* Build configuration list for PBXNativeTarget "RegistrationFormDemoTests" */;
			buildPhases = (
				189DDB4829C2F1F000FA7603 /* Sources */,
				189DDB4929C2F1F000FA7603 /* Frameworks */,
				189DDB4A29C2F1F000FA7603 /* Resources */,
			);
			buildRules = (
			);
			dependencies = (
				189DDB4E29C2F1F000FA7603 /* PBXTargetDependency */,
			);
			name = RegistrationFormDemoTests;
			productName = RegistrationFormDemoTests;
			productReference = 189DDB4C29C2F1F000FA7603 /* RegistrationFormDemoTests.xctest */;
			productType = "com.apple.product-type.bundle.unit-test";
		};
		189DDB5629C2F1F000FA7603 /* RegistrationFormDemoUITests */ = {
			isa = PBXNativeTarget;
			buildConfigurationList = 189DDB6629C2F1F000FA7603 /* Build configuration list for PBXNativeTarget "RegistrationFormDemoUITests" */;
			buildPhases = (
				189DDB5329C2F1F000FA7603 /* Sources */,
				189DDB5429C2F1F000FA7603 /* Frameworks */,
				189DDB5529C2F1F000FA7603 /* Resources */,
			);
			buildRules = (
			);
			dependencies = (
				189DDB5929C2F1F000FA7603 /* PBXTargetDependency */,
			);
			name = RegistrationFormDemoUITests;
			productName = RegistrationFormDemoUITests;
			productReference = 189DDB5729C2F1F000FA7603 /* RegistrationFormDemoUITests.xctest */;
			productType = "com.apple.product-type.bundle.ui-testing";
		};
/* End PBXNativeTarget section */

/* Begin PBXProject section */
		189DDB2E29C2F1ED00FA7603 /* Project object */ = {
			isa = PBXProject;
			attributes = {
				LastSwiftUpdateCheck = 1170;
				LastUpgradeCheck = 1170;
				ORGANIZATIONNAME = Admin;
				TargetAttributes = {
					189DDB3529C2F1ED00FA7603 = {
						CreatedOnToolsVersion = 11.7;
					};
					189DDB4B29C2F1F000FA7603 = {
						CreatedOnToolsVersion = 11.7;
						TestTargetID = 189DDB3529C2F1ED00FA7603;
					};
					189DDB5629C2F1F000FA7603 = {
						CreatedOnToolsVersion = 11.7;
						TestTargetID = 189DDB3529C2F1ED00FA7603;
					};
				};
			};
			buildConfigurationList = 189DDB3129C2F1ED00FA7603 /* Build configuration list for PBXProject "RegistrationFormDemo" */;
			compatibilityVersion = "Xcode 9.3";
			developmentRegion = en;
			hasScannedForEncodings = 0;
			knownRegions = (
				en,
				Base,
			);
			mainGroup = 189DDB2D29C2F1ED00FA7603;
			productRefGroup = 189DDB3729C2F1ED00FA7603 /* Products */;
			projectDirPath = "";
			projectRoot = "";
			targets = (
				189DDB3529C2F1ED00FA7603 /* RegistrationFormDemo */,
				189DDB4B29C2F1F000FA7603 /* RegistrationFormDemoTests */,
				189DDB5629C2F1F000FA7603 /* RegistrationFormDemoUITests */,
			);
		};
/* End PBXProject section */

/* Begin PBXResourcesBuildPhase section */
		189DDB3429C2F1ED00FA7603 /* Resources */ = {
			isa = PBXResourcesBuildPhase;
			buildActionMask = 2147483647;
			files = (
				189DDB4629C2F1F000FA7603 /* LaunchScreen.storyboard in Resources */,
				189DDB4329C2F1F000FA7603 /* Assets.xcassets in Resources */,
				189DDB4129C2F1ED00FA7603 /* Main.storyboard in Resources */,
			);
			runOnlyForDeploymentPostprocessing = 0;
		};
		189DDB4A29C2F1F000FA7603 /* Resources */ = {
			isa = PBXResourcesBuildPhase;
			buildActionMask = 2147483647;
			files = (
			);
			runOnlyForDeploymentPostprocessing = 0;
		};
		189DDB5529C2F1F000FA7603 /* Resources */ = {
			isa = PBXResourcesBuildPhase;
			buildActionMask = 2147483647;
			files = (
			);
			runOnlyForDeploymentPostprocessing = 0;
		};
/* End PBXResourcesBuildPhase section */

/* Begin PBXSourcesBuildPhase section */
		189DDB3229C2F1ED00FA7603 /* Sources */ = {
			isa = PBXSourcesBuildPhase;
			buildActionMask = 2147483647;
			files = (
				189DDB3E29C2F1ED00FA7603 /* ViewController.swift in Sources */,
				189DDB3A29C2F1ED00FA7603 /* AppDelegate.swift in Sources */,
				189DDB3C29C2F1ED00FA7603 /* SceneDelegate.swift in Sources */,
			);
			runOnlyForDeploymentPostprocessing = 0;
		};
		189DDB4829C2F1F000FA7603 /* Sources */ = {
			isa = PBXSourcesBuildPhase;
			buildActionMask = 2147483647;
			files = (
				189DDB5129C2F1F000FA7603 /* RegistrationFormDemoTests.swift in Sources */,
			);
			runOnlyForDeploymentPostprocessing = 0;
		};
		189DDB5329C2F1F000FA7603 /* Sources */ = {
			isa = PBXSourcesBuildPhase;
			buildActionMask = 2147483647;
			files = (
				189DDB5C29C2F1F000FA7603 /* RegistrationFormDemoUITests.swift in Sources */,
			);
			runOnlyForDeploymentPostprocessing = 0;
		};
/* End PBXSourcesBuildPhase section */

/* Begin PBXTargetDependency section */
		189DDB4E29C2F1F000FA7603 /* PBXTargetDependency */ = {
			isa = PBXTargetDependency;
			target = 189DDB3529C2F1ED00FA7603 /* RegistrationFormDemo */;
			targetProxy = 189DDB4D29C2F1F000FA7603 /* PBXContainerItemProxy */;
		};
		189DDB5929C2F1F000FA7603 /* PBXTargetDependency */ = {
			isa = PBXTargetDependency;
			target = 189DDB3529C2F1ED00FA7603 /* RegistrationFormDemo */;
			targetProxy = 189DDB5829C2F1F000FA7603 /* PBXContainerItemProxy */;
		};
/* End PBXTargetDependency section */

/* Begin PBXVariantGroup section */
		189DDB3F29C2F1ED00FA7603 /* Main.storyboard */ = {
			isa = PBXVariantGroup;
			children = (
				189DDB4029C2F1ED00FA7603 /* Base */,
			);
			name = Main.storyboard;
			sourceTree = "<group>";
		};
		189DDB4429C2F1F000FA7603 /* LaunchScreen.storyboard */ = {
			isa = PBXVariantGroup;
			children = (
				189DDB4529C2F1F000FA7603 /* Base */,
			);
			name = LaunchScreen.storyboard;
			sourceTree = "<group>";
		};
/* End PBXVariantGroup section */

/* Begin XCBuildConfiguration section */
		189DDB5E29C2F1F000FA7603 /* Debug */ = {
			isa = XCBuildConfiguration;
			buildSettings = {
				ALWAYS_SEARCH_USER_PATHS = NO;
				CLANG_ANALYZER_NONNULL = YES;
				CLANG_ANALYZER_NUMBER_OBJECT_CONVERSION = YES_AGGRESSIVE;
				CLANG_CXX_LANGUAGE_STANDARD = "gnu++14";
				CLANG_CXX_LIBRARY = "libc++";
				CLANG_ENABLE_MODULES = YES;
				CLANG_ENABLE_OBJC_ARC = YES;
				CLANG_ENABLE_OBJC_WEAK = YES;
				CLANG_WARN_BLOCK_CAPTURE_AUTORELEASING = YES;
				CLANG_WARN_BOOL_CONVERSION = YES;
				CLANG_WARN_COMMA = YES;
				CLANG_WARN_CONSTANT_CONVERSION = YES;
				CLANG_WARN_DEPRECATED_OBJC_IMPLEMENTATIONS = YES;
				CLANG_WARN_DIRECT_OBJC_ISA_USAGE = YES_ERROR;
				CLANG_WARN_DOCUMENTATION_COMMENTS = YES;
				CLANG_WARN_EMPTY_BODY = YES;
				CLANG_WARN_ENUM_CONVERSION = YES;
				CLANG_WARN_INFINITE_RECURSION = YES;
				CLANG_WARN_INT_CONVERSION = YES;
				CLANG_WARN_NON_LITERAL_NULL_CONVERSION = YES;
				CLANG_WARN_OBJC_IMPLICIT_RETAIN_SELF = YES;
				CLANG_WARN_OBJC_LITERAL_CONVERSION = YES;
				CLANG_WARN_OBJC_ROOT_CLASS = YES_ERROR;
				CLANG_WARN_RANGE_LOOP_ANALYSIS = YES;
				CLANG_WARN_STRICT_PROTOTYPES = YES;
				CLANG_WARN_SUSPICIOUS_MOVE = YES;
				CLANG_WARN_UNGUARDED_AVAILABILITY = YES_AGGRESSIVE;
				CLANG_WARN_UNREACHABLE_CODE = YES;
				CLANG_WARN__DUPLICATE_METHOD_MATCH = YES;
				COPY_PHASE_STRIP = NO;
				DEBUG_INFORMATION_FORMAT = dwarf;
				ENABLE_STRICT_OBJC_MSGSEND = YES;
				ENABLE_TESTABILITY = YES;
				GCC_C_LANGUAGE_STANDARD = gnu11;
				GCC_DYNAMIC_NO_PIC = NO;
				GCC_NO_COMMON_BLOCKS = YES;
				GCC_OPTIMIZATION_LEVEL = 0;
				GCC_PREPROCESSOR_DEFINITIONS = (
					"DEBUG=1",
					"$(inherited)",
				);
				GCC_WARN_64_TO_32_BIT_CONVERSION = YES;
				GCC_WARN_ABOUT_RETURN_TYPE = YES_ERROR;
				GCC_WARN_UNDECLARED_SELECTOR = YES;
				GCC_WARN_UNINITIALIZED_AUTOS = YES_AGGRESSIVE;
				GCC_WARN_UNUSED_FUNCTION = YES;
				GCC_WARN_UNUSED_VARIABLE = YES;
				IPHONEOS_DEPLOYMENT_TARGET = 13.7;
				MTL_ENABLE_DEBUG_INFO = INCLUDE_SOURCE;
				MTL_FAST_MATH = YES;
				ONLY_ACTIVE_ARCH = YES;
				SDKROOT = iphoneos;
				SWIFT_ACTIVE_COMPILATION_CONDITIONS = DEBUG;
				SWIFT_OPTIMIZATION_LEVEL = "-Onone";
			};
			name = Debug;
		};
		189DDB5F29C2F1F000FA7603 /* Release */ = {
			isa = XCBuildConfiguration;
			buildSettings = {
				ALWAYS_SEARCH_USER_PATHS = NO;
				CLANG_ANALYZER_NONNULL = YES;
				CLANG_ANALYZER_NUMBER_OBJECT_CONVERSION = YES_AGGRESSIVE;
				CLANG_CXX_LANGUAGE_STANDARD = "gnu++14";
				CLANG_CXX_LIBRARY = "libc++";
				CLANG_ENABLE_MODULES = YES;
				CLANG_ENABLE_OBJC_ARC = YES;
				CLANG_ENABLE_OBJC_WEAK = YES;
				CLANG_WARN_BLOCK_CAPTURE_AUTORELEASING = YES;
				CLANG_WARN_BOOL_CONVERSION = YES;
				CLANG_WARN_COMMA = YES;
				CLANG_WARN_CONSTANT_CONVERSION = YES;
				CLANG_WARN_DEPRECATED_OBJC_IMPLEMENTATIONS = YES;
				CLANG_WARN_DIRECT_OBJC_ISA_USAGE = YES_ERROR;
				CLANG_WARN_DOCUMENTATION_COMMENTS = YES;
				CLANG_WARN_EMPTY_BODY = YES;
				CLANG_WARN_ENUM_CONVERSION = YES;
				CLANG_WARN_INFINITE_RECURSION = YES;
				CLANG_WARN_INT_CONVERSION = YES;
				CLANG_WARN_NON_LITERAL_NULL_CONVERSION = YES;
				CLANG_WARN_OBJC_IMPLICIT_RETAIN_SELF = YES;
				CLANG_WARN_OBJC_LITERAL_CONVERSION = YES;
				CLANG_WARN_OBJC_ROOT_CLASS = YES_ERROR;
				CLANG_WARN_RANGE_LOOP_ANALYSIS = YES;
				CLANG_WARN_STRICT_PROTOTYPES = YES;
				CLANG_WARN_SUSPICIOUS_MOVE = YES;
				CLANG_WARN_UNGUARDED_AVAILABILITY = YES_AGGRESSIVE;
				CLANG_WARN_UNREACHABLE_CODE = YES;
				CLANG_WARN__DUPLICATE_METHOD_MATCH = YES;
				COPY_PHASE_STRIP = NO;
				DEBUG_INFORMATION_FORMAT = "dwarf-with-dsym";
				ENABLE_NS_ASSERTIONS = NO;
				ENABLE_STRICT_OBJC_MSGSEND = YES;
				GCC_C_LANGUAGE_STANDARD = gnu11;
				GCC_NO_COMMON_BLOCKS = YES;
				GCC_WARN_64_TO_32_BIT_CONVERSION = YES;
				GCC_WARN_ABOUT_RETURN_TYPE = YES_ERROR;
				GCC_WARN_UNDECLARED_SELECTOR = YES;
				GCC_WARN_UNINITIALIZED_AUTOS = YES_AGGRESSIVE;
				GCC_WARN_UNUSED_FUNCTION = YES;
				GCC_WARN_UNUSED_VARIABLE = YES;
				IPHONEOS_DEPLOYMENT_TARGET = 13.7;
				MTL_ENABLE_DEBUG_INFO = NO;
				MTL_FAST_MATH = YES;
				SDKROOT = iphoneos;
				SWIFT_COMPILATION_MODE = wholemodule;
				SWIFT_OPTIMIZATION_LEVEL = "-O";
				VALIDATE_PRODUCT = YES;
			};
			name = Release;
		};
		189DDB6129C2F1F000FA7603 /* Debug */ = {
			isa = XCBuildConfiguration;
			buildSettings = {
				ASSETCATALOG_COMPILER_APPICON_NAME = AppIcon;
				CODE_SIGN_STYLE = Automatic;
				DEVELOPMENT_TEAM = 6NHRU2K5Y9;
				INFOPLIST_FILE = RegistrationFormDemo/Info.plist;
				LD_RUNPATH_SEARCH_PATHS = (
					"$(inherited)",
					"@executable_path/Frameworks",
				);
				PRODUCT_BUNDLE_IDENTIFIER = com.sample.RegistrationFormDemo;
				PRODUCT_NAME = "$(TARGET_NAME)";
				SWIFT_VERSION = 5.0;
				TARGETED_DEVICE_FAMILY = "1,2";
			};
			name = Debug;
		};
		189DDB6229C2F1F000FA7603 /* Release */ = {
			isa = XCBuildConfiguration;
			buildSettings = {
				ASSETCATALOG_COMPILER_APPICON_NAME = AppIcon;
				CODE_SIGN_STYLE = Automatic;
				DEVELOPMENT_TEAM = 6NHRU2K5Y9;
				INFOPLIST_FILE = RegistrationFormDemo/Info.plist;
				LD_RUNPATH_SEARCH_PATHS = (
					"$(inherited)",
					"@executable_path/Frameworks",
				);
				PRODUCT_BUNDLE_IDENTIFIER = com.sample.RegistrationFormDemo;
				PRODUCT_NAME = "$(TARGET_NAME)";
				SWIFT_VERSION = 5.0;
				TARGETED_DEVICE_FAMILY = "1,2";
			};
			name = Release;
		};
		189DDB6429C2F1F000FA7603 /* Debug */ = {
			isa = XCBuildConfiguration;
			buildSettings = {
				ALWAYS_EMBED_SWIFT_STANDARD_LIBRARIES = YES;
				BUNDLE_LOADER = "$(TEST_HOST)";
				CODE_SIGN_STYLE = Automatic;
				DEVELOPMENT_TEAM = 6NHRU2K5Y9;
				INFOPLIST_FILE = RegistrationFormDemoTests/Info.plist;
				IPHONEOS_DEPLOYMENT_TARGET = 13.7;
				LD_RUNPATH_SEARCH_PATHS = (
					"$(inherited)",
					"@executable_path/Frameworks",
					"@loader_path/Frameworks",
				);
				PRODUCT_BUNDLE_IDENTIFIER = com.sample.RegistrationFormDemoTests;
				PRODUCT_NAME = "$(TARGET_NAME)";
				SWIFT_VERSION = 5.0;
				TARGETED_DEVICE_FAMILY = "1,2";
				TEST_HOST = "$(BUILT_PRODUCTS_DIR)/RegistrationFormDemo.app/RegistrationFormDemo";
			};
			name = Debug;
		};
		189DDB6529C2F1F000FA7603 /* Release */ = {
			isa = XCBuildConfiguration;
			buildSettings = {
				ALWAYS_EMBED_SWIFT_STANDARD_LIBRARIES = YES;
				BUNDLE_LOADER = "$(TEST_HOST)";
				CODE_SIGN_STYLE = Automatic;
				DEVELOPMENT_TEAM = 6NHRU2K5Y9;
				INFOPLIST_FILE = RegistrationFormDemoTests/Info.plist;
				IPHONEOS_DEPLOYMENT_TARGET = 13.7;
				LD_RUNPATH_SEARCH_PATHS = (
					"$(inherited)",
					"@executable_path/Frameworks",
					"@loader_path/Frameworks",
				);
				PRODUCT_BUNDLE_IDENTIFIER = com.sample.RegistrationFormDemoTests;
				PRODUCT_NAME = "$(TARGET_NAME)";
				SWIFT_VERSION = 5.0;
				TARGETED_DEVICE_FAMILY = "1,2";
				TEST_HOST = "$(BUILT_PRODUCTS_DIR)/RegistrationFormDemo.app/RegistrationFormDemo";
			};
			name = Release;
		};
		189DDB6729C2F1F000FA7603 /* Debug */ = {
			isa = XCBuildConfiguration;
			buildSettings = {
				ALWAYS_EMBED_SWIFT_STANDARD_LIBRARIES = YES;
				CODE_SIGN_STYLE = Automatic;
				DEVELOPMENT_TEAM = 6NHRU2K5Y9;
				INFOPLIST_FILE = RegistrationFormDemoUITests/Info.plist;
				LD_RUNPATH_SEARCH_PATHS = (
					"$(inherited)",
					"@executable_path/Frameworks",
					"@loader_path/Frameworks",
				);
				PRODUCT_BUNDLE_IDENTIFIER = com.sample.RegistrationFormDemoUITests;
				PRODUCT_NAME = "$(TARGET_NAME)";
				SWIFT_VERSION = 5.0;
				TARGETED_DEVICE_FAMILY = "1,2";
				TEST_TARGET_NAME = RegistrationFormDemo;
			};
			name = Debug;
		};
		189DDB6829C2F1F000FA7603 /* Release */ = {
			isa = XCBuildConfiguration;
			buildSettings = {
				ALWAYS_EMBED_SWIFT_STANDARD_LIBRARIES = YES;
				CODE_SIGN_STYLE = Automatic;
				DEVELOPMENT_TEAM = 6NHRU2K5Y9;
				INFOPLIST_FILE = RegistrationFormDemoUITests/Info.plist;
				LD_RUNPATH_SEARCH_PATHS = (
					"$(inherited)",
					"@executable_path/Frameworks",
					"@loader_path/Frameworks",
				);
				PRODUCT_BUNDLE_IDENTIFIER = com.sample.RegistrationFormDemoUITests;
				PRODUCT_NAME = "$(TARGET_NAME)";
				SWIFT_VERSION = 5.0;
				TARGETED_DEVICE_FAMILY = "1,2";
				TEST_TARGET_NAME = RegistrationFormDemo;
			};
			name = Release;
		};
/* End XCBuildConfiguration section */

/* Begin XCConfigurationList section */
		189DDB3129C2F1ED00FA7603 /* Build configuration list for PBXProject "RegistrationFormDemo" */ = {
			isa = XCConfigurationList;
			buildConfigurations = (
				189DDB5E29C2F1F000FA7603 /* Debug */,
				189DDB5F29C2F1F000FA7603 /* Release */,
			);
			defaultConfigurationIsVisible = 0;
			defaultConfigurationName = Release;
		};
		189DDB6029C2F1F000FA7603 /* Build configuration list for PBXNativeTarget "RegistrationFormDemo" */ = {
			isa = XCConfigurationList;
			buildConfigurations = (
				189DDB6129C2F1F000FA7603 /* Debug */,
				189DDB6229C2F1F000FA7603 /* Release */,
			);
			defaultConfigurationIsVisible = 0;
			defaultConfigurationName = Release;
		};
		189DDB6329C2F1F000FA7603 /* Build configuration list for PBXNativeTarget "RegistrationFormDemoTests" */ = {
			isa = XCConfigurationList;
			buildConfigurations = (
				189DDB6429C2F1F000FA7603 /* Debug */,
				189DDB6529C2F1F000FA7603 /* Release */,
			);
			defaultConfigurationIsVisible = 0;
			defaultConfigurationName = Release;
		};
		189DDB6629C2F1F000FA7603 /* Build configuration list for PBXNativeTarget "RegistrationFormDemoUITests" */ = {
			isa = XCConfigurationList;
			buildConfigurations = (
				189DDB6729C2F1F000FA7603 /* Debug */,
				189DDB6829C2F1F000FA7603 /* Release */,
			);
			defaultConfigurationIsVisible = 0;
			defaultConfigurationName = Release;
		};
/* End XCConfigurationList section */
	};
	rootObject = 189DDB2E29C2F1ED00FA7603 /* Project object */;
}
